
Microsoft Visual Studio Solution File, Format Version 12.00
# Visual Studio Version 17
VisualStudioVersion = 17.3.32804.467
MinimumVisualStudioVersion = 10.0.40219.1
Project("{8BC9CEB8-8B4A-11D0-8D11-00A0C91BC942}") = "Bai01", "Bai01\Bai01.vcxproj", "{C8BBD8BA-0076-48F6-A9F3-39B9401995CE}"
EndProject
Project("{8BC9CEB8-8B4A-11D0-8D11-00A0C91BC942}") = "Bai02", "Bai02\Bai02.vcxproj", "{F4455BF8-E894-4CF9-8807-0301ECE747AE}"
EndProject
Project("{8BC9CEB8-8B4A-11D0-8D11-00A0C91BC942}") = "Bai03", "Bai03\Bai03.vcxproj", "{4690F25F-B481-4165-B07D-3A3B403B3AF0}"
EndProject
Project("{8BC9CEB8-8B4A-11D0-8D11-00A0C91BC942}") = "Bai04", "Bai04\Bai04.vcxproj", "{755E50AB-84DB-4E81-BDA1-9DD1FF14529E}"
EndProject
Project("{8BC9CEB8-8B4A-11D0-8D11-00A0C91BC942}") = "Bai05", "Bai05\Bai05.vcxproj", "{88542A5F-0936-49AC-AB79-2203938B1BB0}"
EndProject
Project("{8BC9CEB8-8B4A-11D0-8D11-00A0C91BC942}") = "Bai06", "Bai06\Bai06.vcxproj", "{4F38FDFD-7453-4478-94EE-2B5F08367D3D}"
EndProject
Project("{8BC9CEB8-8B4A-11D0-8D11-00A0C91BC942}") = "Bai07", "Bai07\Bai07.vcxproj", "{7300372E-19B4-438B-BB9B-55FBE1628617}"
EndProject
Project("{8BC9CEB8-8B4A-11D0-8D11-00A0C91BC942}") = "Bai08", "Bai08\Bai08.vcxproj", "{E1B0E400-D4B3-483A-998B-E01A09B33841}"
EndProject
Project("{8BC9CEB8-8B4A-11D0-8D11-00A0C91BC942}") = "Bai09", "Bai09\Bai09.vcxproj", "{0E3E2AC4-047E-44B8-840A-C4326CA7B05B}"
EndProject
Global
	GlobalSection(SolutionConfigurationPlatforms) = preSolution
		Debug|x64 = Debug|x64
		Debug|x86 = Debug|x86
		Release|x64 = Release|x64
		Release|x86 = Release|x86
	EndGlobalSection
	GlobalSection(ProjectConfigurationPlatforms) = postSolution
		{C8BBD8BA-0076-48F6-A9F3-39B9401995CE}.Debug|x64.ActiveCfg = Debug|x64
		{C8BBD8BA-0076-48F6-A9F3-39B9401995CE}.Debug|x64.Build.0 = Debug|x64
		{C8BBD8BA-0076-48F6-A9F3-39B9401995CE}.Debug|x86.ActiveCfg = Debug|Win32
		{C8BBD8BA-0076-48F6-A9F3-39B9401995CE}.Debug|x86.Build.0 = Debug|Win32
		{C8BBD8BA-0076-48F6-A9F3-39B9401995CE}.Release|x64.ActiveCfg = Release|x64
		{C8BBD8BA-0076-48F6-A9F3-39B9401995CE}.Release|x64.Build.0 = Release|x64
		{C8BBD8BA-0076-48F6-A9F3-39B9401995CE}.Release|x86.ActiveCfg = Release|Win32
		{C8BBD8BA-0076-48F6-A9F3-39B9401995CE}.Release|x86.Build.0 = Release|Win32
		{F4455BF8-E894-4CF9-8807-0301ECE747AE}.Debug|x64.ActiveCfg = Debug|x64
		{F4455BF8-E894-4CF9-8807-0301ECE747AE}.Debug|x64.Build.0 = Debug|x64
		{F4455BF8-E894-4CF9-8807-0301ECE747AE}.Debug|x86.ActiveCfg = Debug|Win32
		{F4455BF8-E894-4CF9-8807-0301ECE747AE}.Debug|x86.Build.0 = Debug|Win32
		{F4455BF8-E894-4CF9-8807-0301ECE747AE}.Release|x64.ActiveCfg = Release|x64
		{F4455BF8-E894-4CF9-8807-0301ECE747AE}.Release|x64.Build.0 = Release|x64
		{F4455BF8-E894-4CF9-8807-0301ECE747AE}.Release|x86.ActiveCfg = Release|Win32
		{F4455BF8-E894-4CF9-8807-0301ECE747AE}.Release|x86.Build.0 = Release|Win32
		{4690F25F-B481-4165-B07D-3A3B403B3AF0}.Debug|x64.ActiveCfg = Debug|x64
		{4690F25F-B481-4165-B07D-3A3B403B3AF0}.Debug|x64.Build.0 = Debug|x64
		{4690F25F-B481-4165-B07D-3A3B403B3AF0}.Debug|x86.ActiveCfg = Debug|Win32
		{4690F25F-B481-4165-B07D-3A3B403B3AF0}.Debug|x86.Build.0 = Debug|Win32
		{4690F25F-B481-4165-B07D-3A3B403B3AF0}.Release|x64.ActiveCfg = Release|x64
		{4690F25F-B481-4165-B07D-3A3B403B3AF0}.Release|x64.Build.0 = Release|x64
		{4690F25F-B481-4165-B07D-3A3B403B3AF0}.Release|x86.ActiveCfg = Release|Win32
		{4690F25F-B481-4165-B07D-3A3B403B3AF0}.Release|x86.Build.0 = Release|Win32
		{755E50AB-84DB-4E81-BDA1-9DD1FF14529E}.Debug|x64.ActiveCfg = Debug|x64
		{755E50AB-84DB-4E81-BDA1-9DD1FF14529E}.Debug|x64.Build.0 = Debug|x64
		{755E50AB-84DB-4E81-BDA1-9DD1FF14529E}.Debug|x86.ActiveCfg = Debug|Win32
		{755E50AB-84DB-4E81-BDA1-9DD1FF14529E}.Debug|x86.Build.0 = Debug|Win32
		{755E50AB-84DB-4E81-BDA1-9DD1FF14529E}.Release|x64.ActiveCfg = Release|x64
		{755E50AB-84DB-4E81-BDA1-9DD1FF14529E}.Release|x64.Build.0 = Release|x64
		{755E50AB-84DB-4E81-BDA1-9DD1FF14529E}.Release|x86.ActiveCfg = Release|Win32
		{755E50AB-84DB-4E81-BDA1-9DD1FF14529E}.Release|x86.Build.0 = Release|Win32
		{88542A5F-0936-49AC-AB79-2203938B1BB0}.Debug|x64.ActiveCfg = Debug|x64
		{88542A5F-0936-49AC-AB79-2203938B1BB0}.Debug|x64.Build.0 = Debug|x64
		{88542A5F-0936-49AC-AB79-2203938B1BB0}.Debug|x86.ActiveCfg = Debug|Win32
		{88542A5F-0936-49AC-AB79-2203938B1BB0}.Debug|x86.Build.0 = Debug|Win32
		{88542A5F-0936-49AC-AB79-2203938B1BB0}.Release|x64.ActiveCfg = Release|x64
		{88542A5F-0936-49AC-AB79-2203938B1BB0}.Release|x64.Build.0 = Release|x64
		{88542A5F-0936-49AC-AB79-2203938B1BB0}.Release|x86.ActiveCfg = Release|Win32
		{88542A5F-0936-49AC-AB79-2203938B1BB0}.Release|x86.Build.0 = Release|Win32
		{4F38FDFD-7453-4478-94EE-2B5F08367D3D}.Debug|x64.ActiveCfg = Debug|x64
		{4F38FDFD-7453-4478-94EE-2B5F08367D3D}.Debug|x64.Build.0 = Debug|x64
		{4F38FDFD-7453-4478-94EE-2B5F08367D3D}.Debug|x86.ActiveCfg = Debug|Win32
		{4F38FDFD-7453-4478-94EE-2B5F08367D3D}.Debug|x86.Build.0 = Debug|Win32
		{4F38FDFD-7453-4478-94EE-2B5F08367D3D}.Release|x64.ActiveCfg = Release|x64
		{4F38FDFD-7453-4478-94EE-2B5F08367D3D}.Release|x64.Build.0 = Release|x64
		{4F38FDFD-7453-4478-94EE-2B5F08367D3D}.Release|x86.ActiveCfg = Release|Win32
		{4F38FDFD-7453-4478-94EE-2B5F08367D3D}.Release|x86.Build.0 = Release|Win32
		{7300372E-19B4-438B-BB9B-55FBE1628617}.Debug|x64.ActiveCfg = Debug|x64
		{7300372E-19B4-438B-BB9B-55FBE1628617}.Debug|x64.Build.0 = Debug|x64
		{7300372E-19B4-438B-BB9B-55FBE1628617}.Debug|x86.ActiveCfg = Debug|Win32
		{7300372E-19B4-438B-BB9B-55FBE1628617}.Debug|x86.Build.0 = Debug|Win32
		{7300372E-19B4-438B-BB9B-55FBE1628617}.Release|x64.ActiveCfg = Release|x64
		{7300372E-19B4-438B-BB9B-55FBE1628617}.Release|x64.Build.0 = Release|x64
		{7300372E-19B4-438B-BB9B-55FBE1628617}.Release|x86.ActiveCfg = Release|Win32
		{7300372E-19B4-438B-BB9B-55FBE1628617}.Release|x86.Build.0 = Release|Win32
		{E1B0E400-D4B3-483A-998B-E01A09B33841}.Debug|x64.ActiveCfg = Debug|x64
		{E1B0E400-D4B3-483A-998B-E01A09B33841}.Debug|x64.Build.0 = Debug|x64
		{E1B0E400-D4B3-483A-998B-E01A09B33841}.Debug|x86.ActiveCfg = Debug|Win32
		{E1B0E400-D4B3-483A-998B-E01A09B33841}.Debug|x86.Build.0 = Debug|Win32
		{E1B0E400-D4B3-483A-998B-E01A09B33841}.Release|x64.ActiveCfg = Release|x64
		{E1B0E400-D4B3-483A-998B-E01A09B33841}.Release|x64.Build.0 = Release|x64
		{E1B0E400-D4B3-483A-998B-E01A09B33841}.Release|x86.ActiveCfg = Release|Win32
		{E1B0E400-D4B3-483A-998B-E01A09B33841}.Release|x86.Build.0 = Release|Win32
		{0E3E2AC4-047E-44B8-840A-C4326CA7B05B}.Debug|x64.ActiveCfg = Debug|x64
		{0E3E2AC4-047E-44B8-840A-C4326CA7B05B}.Debug|x64.Build.0 = Debug|x64
		{0E3E2AC4-047E-44B8-840A-C4326CA7B05B}.Debug|x86.ActiveCfg = Debug|Win32
		{0E3E2AC4-047E-44B8-840A-C4326CA7B05B}.Debug|x86.Build.0 = Debug|Win32
		{0E3E2AC4-047E-44B8-840A-C4326CA7B05B}.Release|x64.ActiveCfg = Release|x64
		{0E3E2AC4-047E-44B8-840A-C4326CA7B05B}.Release|x64.Build.0 = Release|x64
		{0E3E2AC4-047E-44B8-840A-C4326CA7B05B}.Release|x86.ActiveCfg = Release|Win32
		{0E3E2AC4-047E-44B8-840A-C4326CA7B05B}.Release|x86.Build.0 = Release|Win32
	EndGlobalSection
	GlobalSection(SolutionProperties) = preSolution
		HideSolutionNode = FALSE
	EndGlobalSection
	GlobalSection(ExtensibilityGlobals) = postSolution
		SolutionGuid = {63C782F8-EA8C-4912-9179-13EBEB0A0F7C}
	EndGlobalSection
EndGlobal
